
Microsoft Visual Studio Solution File, Format Version 12.00
# Visual Studio 15
VisualStudioVersion = 15.0.27703.2035
MinimumVisualStudioVersion = 10.0.40219.1
Project("{8BC9CEB8-8B4A-11D0-8D11-00A0C91BC942}") = "ztLINQ", "ztLINQ\ztLINQ.vcxproj", "{7E228FD7-F3D7-441F-AA42-8C1127C5F1E2}"
EndProject
Global
	GlobalSection(SolutionConfigurationPlatforms) = preSolution
		Debug|x64 = Debug|x64
		Debug|x86 = Debug|x86
		Release|x64 = Release|x64
		Release|x86 = Release|x86
	EndGlobalSection
	GlobalSection(ProjectConfigurationPlatforms) = postSolution
		{7E228FD7-F3D7-441F-AA42-8C1127C5F1E2}.Debug|x64.ActiveCfg = Debug|x64
		{7E228FD7-F3D7-441F-AA42-8C1127C5F1E2}.Debug|x64.Build.0 = Debug|x64
		{7E228FD7-F3D7-441F-AA42-8C1127C5F1E2}.Debug|x86.ActiveCfg = Debug|Win32
		{7E228FD7-F3D7-441F-AA42-8C1127C5F1E2}.Debug|x86.Build.0 = Debug|Win32
		{7E228FD7-F3D7-441F-AA42-8C1127C5F1E2}.Release|x64.ActiveCfg = Release|x64
		{7E228FD7-F3D7-441F-AA42-8C1127C5F1E2}.Release|x64.Build.0 = Release|x64
		{7E228FD7-F3D7-441F-AA42-8C1127C5F1E2}.Release|x86.ActiveCfg = Release|Win32
		{7E228FD7-F3D7-441F-AA42-8C1127C5F1E2}.Release|x86.Build.0 = Release|Win32
	EndGlobalSection
	GlobalSection(SolutionProperties) = preSolution
		HideSolutionNode = FALSE
	EndGlobalSection
	GlobalSection(ExtensibilityGlobals) = postSolution
		SolutionGuid = {8C70A3BF-A339-4F48-8841-CF6561BF1252}
	EndGlobalSection
EndGlobal
